// !$*UTF8*$!
{
	archiveVersion = 1;
	classes = {
	};
	objectVersion = 46;
	objects = {

/* Begin PBXBuildFile section */
		501C04E11575525100609760 /* 65-note.png in Resources */ = {isa = PBXBuildFile; fileRef = 501C04DF1575525100609760 /* 65-note.png */; };
		501C04E21575525100609760 /* 65-note@2x.png in Resources */ = {isa = PBXBuildFile; fileRef = 501C04E01575525100609760 /* 65-note@2x.png */; };
		504E401E157519CE0049177A /* NSObject+SBJson.h in Sources */ = {isa = PBXBuildFile; fileRef = 50B231D81575179500B8081F /* NSObject+SBJson.h */; };
		504E401F157519CE0049177A /* NSObject+SBJson.m in Sources */ = {isa = PBXBuildFile; fileRef = 50B231D91575179500B8081F /* NSObject+SBJson.m */; };
		504E4020157519CE0049177A /* SBJson.h in Sources */ = {isa = PBXBuildFile; fileRef = 50B231DA1575179500B8081F /* SBJson.h */; };
		504E4021157519CE0049177A /* SBJsonParser.h in Sources */ = {isa = PBXBuildFile; fileRef = 50B231DB1575179500B8081F /* SBJsonParser.h */; };
		504E4022157519CE0049177A /* SBJsonParser.m in Sources */ = {isa = PBXBuildFile; fileRef = 50B231DC1575179500B8081F /* SBJsonParser.m */; };
		504E4023157519CE0049177A /* SBJsonStreamParser.h in Sources */ = {isa = PBXBuildFile; fileRef = 50B231DD1575179500B8081F /* SBJsonStreamParser.h */; };
		504E4024157519CE0049177A /* SBJsonStreamParser.m in Sources */ = {isa = PBXBuildFile; fileRef = 50B231DE1575179500B8081F /* SBJsonStreamParser.m */; };
		504E4025157519CE0049177A /* SBJsonStreamParserAccumulator.h in Sources */ = {isa = PBXBuildFile; fileRef = 50B231DF1575179500B8081F /* SBJsonStreamParserAccumulator.h */; };
		504E4026157519CE0049177A /* SBJsonStreamParserAccumulator.m in Sources */ = {isa = PBXBuildFile; fileRef = 50B231E01575179500B8081F /* SBJsonStreamParserAccumulator.m */; };
		504E4027157519CE0049177A /* SBJsonStreamParserAdapter.h in Sources */ = {isa = PBXBuildFile; fileRef = 50B231E11575179500B8081F /* SBJsonStreamParserAdapter.h */; };
		504E4028157519CE0049177A /* SBJsonStreamParserAdapter.m in Sources */ = {isa = PBXBuildFile; fileRef = 50B231E21575179500B8081F /* SBJsonStreamParserAdapter.m */; };
		504E4029157519CE0049177A /* SBJsonStreamParserState.h in Sources */ = {isa = PBXBuildFile; fileRef = 50B231E31575179500B8081F /* SBJsonStreamParserState.h */; };
		504E402A157519CE0049177A /* SBJsonStreamParserState.m in Sources */ = {isa = PBXBuildFile; fileRef = 50B231E41575179500B8081F /* SBJsonStreamParserState.m */; };
		504E402B157519CE0049177A /* SBJsonStreamWriter.h in Sources */ = {isa = PBXBuildFile; fileRef = 50B231E51575179500B8081F /* SBJsonStreamWriter.h */; };
		504E402C157519CE0049177A /* SBJsonStreamWriter.m in Sources */ = {isa = PBXBuildFile; fileRef = 50B231E61575179500B8081F /* SBJsonStreamWriter.m */; };
		504E402D157519CE0049177A /* SBJsonStreamWriterAccumulator.h in Sources */ = {isa = PBXBuildFile; fileRef = 50B231E71575179500B8081F /* SBJsonStreamWriterAccumulator.h */; };
		504E402E157519CE0049177A /* SBJsonStreamWriterAccumulator.m in Sources */ = {isa = PBXBuildFile; fileRef = 50B231E81575179500B8081F /* SBJsonStreamWriterAccumulator.m */; };
		504E402F157519CE0049177A /* SBJsonStreamWriterState.h in Sources */ = {isa = PBXBuildFile; fileRef = 50B231E91575179500B8081F /* SBJsonStreamWriterState.h */; };
		504E4030157519CE0049177A /* SBJsonStreamWriterState.m in Sources */ = {isa = PBXBuildFile; fileRef = 50B231EA1575179500B8081F /* SBJsonStreamWriterState.m */; };
		504E4031157519CE0049177A /* SBJsonTokeniser.h in Sources */ = {isa = PBXBuildFile; fileRef = 50B231EB1575179500B8081F /* SBJsonTokeniser.h */; };
		504E4032157519CE0049177A /* SBJsonTokeniser.m in Sources */ = {isa = PBXBuildFile; fileRef = 50B231EC1575179500B8081F /* SBJsonTokeniser.m */; };
		504E4033157519CE0049177A /* SBJsonUTF8Stream.h in Sources */ = {isa = PBXBuildFile; fileRef = 50B231ED1575179500B8081F /* SBJsonUTF8Stream.h */; };
		504E4034157519CE0049177A /* SBJsonUTF8Stream.m in Sources */ = {isa = PBXBuildFile; fileRef = 50B231EE1575179500B8081F /* SBJsonUTF8Stream.m */; };
		504E4035157519CE0049177A /* SBJsonWriter.h in Sources */ = {isa = PBXBuildFile; fileRef = 50B231EF1575179500B8081F /* SBJsonWriter.h */; };
		504E4036157519CE0049177A /* SBJsonWriter.m in Sources */ = {isa = PBXBuildFile; fileRef = 50B231F01575179500B8081F /* SBJsonWriter.m */; };
		504E403C15754FEE0049177A /* LBTodayViewController.m in Sources */ = {isa = PBXBuildFile; fileRef = 504E403A15754FEE0049177A /* LBTodayViewController.m */; };
		504E403D15754FEE0049177A /* LBTodayViewController.xib in Resources */ = {isa = PBXBuildFile; fileRef = 504E403B15754FEE0049177A /* LBTodayViewController.xib */; };
		50552E6E1576B390004B2E99 /* icon.png in Resources */ = {isa = PBXBuildFile; fileRef = 50552E6D1576B390004B2E99 /* icon.png */; };
		50552E701576B394004B2E99 /* icon@2x.png in Resources */ = {isa = PBXBuildFile; fileRef = 50552E6F1576B394004B2E99 /* icon@2x.png */; };
		50610F1A15776FED00E563C8 /* LBEventViewController.m in Sources */ = {isa = PBXBuildFile; fileRef = 50610F1815776FED00E563C8 /* LBEventViewController.m */; };
		50610F1B15776FED00E563C8 /* LBEventViewController.xib in Resources */ = {isa = PBXBuildFile; fileRef = 50610F1915776FED00E563C8 /* LBEventViewController.xib */; };
		50610F1E1577A73400E563C8 /* MapKit.framework in Frameworks */ = {isa = PBXBuildFile; fileRef = 50610F1D1577A73400E563C8 /* MapKit.framework */; };
		50A1E0571576314F00772484 /* LBGenreColours.m in Sources */ = {isa = PBXBuildFile; fileRef = 50A1E0561576314F00772484 /* LBGenreColours.m */; };
		50A1E05B157643ED00772484 /* LBVenueBadge.m in Sources */ = {isa = PBXBuildFile; fileRef = 50A1E05A157643ED00772484 /* LBVenueBadge.m */; };
		50A1E05D1576472E00772484 /* QuartzCore.framework in Frameworks */ = {isa = PBXBuildFile; fileRef = 50A1E05C1576472E00772484 /* QuartzCore.framework */; };
		50A1E06415764DE400772484 /* 193-location-arrow.png in Resources */ = {isa = PBXBuildFile; fileRef = 50A1E06215764DE400772484 /* 193-location-arrow.png */; };
		50A1E06515764DE400772484 /* 193-location-arrow@2x.png in Resources */ = {isa = PBXBuildFile; fileRef = 50A1E06315764DE400772484 /* 193-location-arrow@2x.png */; };
		50A1E06B15765C6A00772484 /* LBLoadingSpinner.m in Sources */ = {isa = PBXBuildFile; fileRef = 50A1E06A15765C6A00772484 /* LBLoadingSpinner.m */; };
		50A1E06D1576667200772484 /* CoreLocation.framework in Frameworks */ = {isa = PBXBuildFile; fileRef = 50A1E06C1576667200772484 /* CoreLocation.framework */; };
		50A1E0701576698B00772484 /* LBPerformance.m in Sources */ = {isa = PBXBuildFile; fileRef = 50A1E06F1576698B00772484 /* LBPerformance.m */; };
		50B231B715750DAE00B8081F /* UIKit.framework in Frameworks */ = {isa = PBXBuildFile; fileRef = 50B231B615750DAE00B8081F /* UIKit.framework */; };
		50B231B915750DAE00B8081F /* Foundation.framework in Frameworks */ = {isa = PBXBuildFile; fileRef = 50B231B815750DAE00B8081F /* Foundation.framework */; };
		50B231BB15750DAE00B8081F /* CoreGraphics.framework in Frameworks */ = {isa = PBXBuildFile; fileRef = 50B231BA15750DAE00B8081F /* CoreGraphics.framework */; };
		50B231C115750DAE00B8081F /* InfoPlist.strings in Resources */ = {isa = PBXBuildFile; fileRef = 50B231BF15750DAE00B8081F /* InfoPlist.strings */; };
		50B231C315750DAE00B8081F /* main.m in Sources */ = {isa = PBXBuildFile; fileRef = 50B231C215750DAE00B8081F /* main.m */; };
		50B231C715750DAE00B8081F /* LBAppDelegate.m in Sources */ = {isa = PBXBuildFile; fileRef = 50B231C615750DAE00B8081F /* LBAppDelegate.m */; };
		50B231D015750F2A00B8081F /* LBEvent.m in Sources */ = {isa = PBXBuildFile; fileRef = 50B231CF15750F2A00B8081F /* LBEvent.m */; };
		50B231D315750F5200B8081F /* LBVenue.m in Sources */ = {isa = PBXBuildFile; fileRef = 50B231D215750F5200B8081F /* LBVenue.m */; };
		50B231D61575110C00B8081F /* LBEventCollection.m in Sources */ = {isa = PBXBuildFile; fileRef = 50B231D51575110C00B8081F /* LBEventCollection.m */; };
/* End PBXBuildFile section */

/* Begin PBXFileReference section */
		501C04DF1575525100609760 /* 65-note.png */ = {isa = PBXFileReference; lastKnownFileType = image.png; name = "65-note.png"; path = "Images/65-note.png"; sourceTree = "<group>"; };
		501C04E01575525100609760 /* 65-note@2x.png */ = {isa = PBXFileReference; lastKnownFileType = image.png; name = "65-note@2x.png"; path = "Images/65-note@2x.png"; sourceTree = "<group>"; };
		504E403915754FEE0049177A /* LBTodayViewController.h */ = {isa = PBXFileReference; fileEncoding = 4; lastKnownFileType = sourcecode.c.h; name = LBTodayViewController.h; path = "LiveBrum/View Controllers/LBTodayViewController.h"; sourceTree = "<group>"; };
		504E403A15754FEE0049177A /* LBTodayViewController.m */ = {isa = PBXFileReference; fileEncoding = 4; lastKnownFileType = sourcecode.c.objc; name = LBTodayViewController.m; path = "LiveBrum/View Controllers/LBTodayViewController.m"; sourceTree = "<group>"; };
		504E403B15754FEE0049177A /* LBTodayViewController.xib */ = {isa = PBXFileReference; fileEncoding = 4; lastKnownFileType = file.xib; name = LBTodayViewController.xib; path = "LiveBrum/View Controllers/LBTodayViewController.xib"; sourceTree = "<group>"; };
		50552E6D1576B390004B2E99 /* icon.png */ = {isa = PBXFileReference; lastKnownFileType = image.png; path = icon.png; sourceTree = "<group>"; };
		50552E6F1576B394004B2E99 /* icon@2x.png */ = {isa = PBXFileReference; lastKnownFileType = image.png; path = "icon@2x.png"; sourceTree = "<group>"; };
		50610F1715776FED00E563C8 /* LBEventViewController.h */ = {isa = PBXFileReference; fileEncoding = 4; lastKnownFileType = sourcecode.c.h; name = LBEventViewController.h; path = "LiveBrum/View Controllers/LBEventViewController.h"; sourceTree = "<group>"; };
		50610F1815776FED00E563C8 /* LBEventViewController.m */ = {isa = PBXFileReference; fileEncoding = 4; lastKnownFileType = sourcecode.c.objc; name = LBEventViewController.m; path = "LiveBrum/View Controllers/LBEventViewController.m"; sourceTree = "<group>"; };
		50610F1915776FED00E563C8 /* LBEventViewController.xib */ = {isa = PBXFileReference; fileEncoding = 4; lastKnownFileType = file.xib; name = LBEventViewController.xib; path = "LiveBrum/View Controllers/LBEventViewController.xib"; sourceTree = "<group>"; };
		50610F1D1577A73400E563C8 /* MapKit.framework */ = {isa = PBXFileReference; lastKnownFileType = wrapper.framework; name = MapKit.framework; path = System/Library/Frameworks/MapKit.framework; sourceTree = SDKROOT; };
		50A1E0551576314F00772484 /* LBGenreColours.h */ = {isa = PBXFileReference; fileEncoding = 4; lastKnownFileType = sourcecode.c.h; name = LBGenreColours.h; path = LiveBrum/Helpers/LBGenreColours.h; sourceTree = "<group>"; };
		50A1E0561576314F00772484 /* LBGenreColours.m */ = {isa = PBXFileReference; fileEncoding = 4; lastKnownFileType = sourcecode.c.objc; name = LBGenreColours.m; path = LiveBrum/Helpers/LBGenreColours.m; sourceTree = "<group>"; };
		50A1E059157643ED00772484 /* LBVenueBadge.h */ = {isa = PBXFileReference; fileEncoding = 4; lastKnownFileType = sourcecode.c.h; name = LBVenueBadge.h; path = LiveBrum/Helpers/LBVenueBadge.h; sourceTree = "<group>"; };
		50A1E05A157643ED00772484 /* LBVenueBadge.m */ = {isa = PBXFileReference; fileEncoding = 4; lastKnownFileType = sourcecode.c.objc; name = LBVenueBadge.m; path = LiveBrum/Helpers/LBVenueBadge.m; sourceTree = "<group>"; };
		50A1E05C1576472E00772484 /* QuartzCore.framework */ = {isa = PBXFileReference; lastKnownFileType = wrapper.framework; name = QuartzCore.framework; path = System/Library/Frameworks/QuartzCore.framework; sourceTree = SDKROOT; };
		50A1E06215764DE400772484 /* 193-location-arrow.png */ = {isa = PBXFileReference; lastKnownFileType = image.png; name = "193-location-arrow.png"; path = "Images/193-location-arrow.png"; sourceTree = "<group>"; };
		50A1E06315764DE400772484 /* 193-location-arrow@2x.png */ = {isa = PBXFileReference; lastKnownFileType = image.png; name = "193-location-arrow@2x.png"; path = "Images/193-location-arrow@2x.png"; sourceTree = "<group>"; };
		50A1E06915765C6A00772484 /* LBLoadingSpinner.h */ = {isa = PBXFileReference; fileEncoding = 4; lastKnownFileType = sourcecode.c.h; name = LBLoadingSpinner.h; path = LiveBrum/Helpers/LBLoadingSpinner.h; sourceTree = "<group>"; };
		50A1E06A15765C6A00772484 /* LBLoadingSpinner.m */ = {isa = PBXFileReference; fileEncoding = 4; lastKnownFileType = sourcecode.c.objc; name = LBLoadingSpinner.m; path = LiveBrum/Helpers/LBLoadingSpinner.m; sourceTree = "<group>"; };
		50A1E06C1576667200772484 /* CoreLocation.framework */ = {isa = PBXFileReference; lastKnownFileType = wrapper.framework; name = CoreLocation.framework; path = System/Library/Frameworks/CoreLocation.framework; sourceTree = SDKROOT; };
		50A1E06E1576698B00772484 /* LBPerformance.h */ = {isa = PBXFileReference; fileEncoding = 4; lastKnownFileType = sourcecode.c.h; name = LBPerformance.h; path = LiveBrum/Entities/LBPerformance.h; sourceTree = "<group>"; };
		50A1E06F1576698B00772484 /* LBPerformance.m */ = {isa = PBXFileReference; fileEncoding = 4; lastKnownFileType = sourcecode.c.objc; name = LBPerformance.m; path = LiveBrum/Entities/LBPerformance.m; sourceTree = "<group>"; };
		50B231B215750DAE00B8081F /* LiveBrum.app */ = {isa = PBXFileReference; explicitFileType = wrapper.application; includeInIndex = 0; path = LiveBrum.app; sourceTree = BUILT_PRODUCTS_DIR; };
		50B231B615750DAE00B8081F /* UIKit.framework */ = {isa = PBXFileReference; lastKnownFileType = wrapper.framework; name = UIKit.framework; path = System/Library/Frameworks/UIKit.framework; sourceTree = SDKROOT; };
		50B231B815750DAE00B8081F /* Foundation.framework */ = {isa = PBXFileReference; lastKnownFileType = wrapper.framework; name = Foundation.framework; path = System/Library/Frameworks/Foundation.framework; sourceTree = SDKROOT; };
		50B231BA15750DAE00B8081F /* CoreGraphics.framework */ = {isa = PBXFileReference; lastKnownFileType = wrapper.framework; name = CoreGraphics.framework; path = System/Library/Frameworks/CoreGraphics.framework; sourceTree = SDKROOT; };
		50B231BE15750DAE00B8081F /* LiveBrum-Info.plist */ = {isa = PBXFileReference; lastKnownFileType = text.plist.xml; path = "LiveBrum-Info.plist"; sourceTree = "<group>"; };
		50B231C015750DAE00B8081F /* en */ = {isa = PBXFileReference; lastKnownFileType = text.plist.strings; name = en; path = en.lproj/InfoPlist.strings; sourceTree = "<group>"; };
		50B231C215750DAE00B8081F /* main.m */ = {isa = PBXFileReference; lastKnownFileType = sourcecode.c.objc; path = main.m; sourceTree = "<group>"; };
		50B231C415750DAE00B8081F /* LiveBrum-Prefix.pch */ = {isa = PBXFileReference; lastKnownFileType = sourcecode.c.h; path = "LiveBrum-Prefix.pch"; sourceTree = "<group>"; };
		50B231C515750DAE00B8081F /* LBAppDelegate.h */ = {isa = PBXFileReference; lastKnownFileType = sourcecode.c.h; path = LBAppDelegate.h; sourceTree = "<group>"; };
		50B231C615750DAE00B8081F /* LBAppDelegate.m */ = {isa = PBXFileReference; lastKnownFileType = sourcecode.c.objc; path = LBAppDelegate.m; sourceTree = "<group>"; };
		50B231CE15750F2A00B8081F /* LBEvent.h */ = {isa = PBXFileReference; fileEncoding = 4; lastKnownFileType = sourcecode.c.h; name = LBEvent.h; path = LiveBrum/Entities/LBEvent.h; sourceTree = "<group>"; };
		50B231CF15750F2A00B8081F /* LBEvent.m */ = {isa = PBXFileReference; fileEncoding = 4; lastKnownFileType = sourcecode.c.objc; name = LBEvent.m; path = LiveBrum/Entities/LBEvent.m; sourceTree = "<group>"; };
		50B231D115750F5200B8081F /* LBVenue.h */ = {isa = PBXFileReference; fileEncoding = 4; lastKnownFileType = sourcecode.c.h; name = LBVenue.h; path = LiveBrum/Entities/LBVenue.h; sourceTree = "<group>"; };
		50B231D215750F5200B8081F /* LBVenue.m */ = {isa = PBXFileReference; fileEncoding = 4; lastKnownFileType = sourcecode.c.objc; name = LBVenue.m; path = LiveBrum/Entities/LBVenue.m; sourceTree = "<group>"; };
		50B231D41575110C00B8081F /* LBEventCollection.h */ = {isa = PBXFileReference; fileEncoding = 4; lastKnownFileType = sourcecode.c.h; name = LBEventCollection.h; path = LiveBrum/Entities/LBEventCollection.h; sourceTree = "<group>"; };
		50B231D51575110C00B8081F /* LBEventCollection.m */ = {isa = PBXFileReference; fileEncoding = 4; lastKnownFileType = sourcecode.c.objc; name = LBEventCollection.m; path = LiveBrum/Entities/LBEventCollection.m; sourceTree = "<group>"; };
		50B231D81575179500B8081F /* NSObject+SBJson.h */ = {isa = PBXFileReference; lastKnownFileType = sourcecode.c.h; path = "NSObject+SBJson.h"; sourceTree = "<group>"; };
		50B231D91575179500B8081F /* NSObject+SBJson.m */ = {isa = PBXFileReference; lastKnownFileType = sourcecode.c.objc; path = "NSObject+SBJson.m"; sourceTree = "<group>"; };
		50B231DA1575179500B8081F /* SBJson.h */ = {isa = PBXFileReference; lastKnownFileType = sourcecode.c.h; path = SBJson.h; sourceTree = "<group>"; };
		50B231DB1575179500B8081F /* SBJsonParser.h */ = {isa = PBXFileReference; lastKnownFileType = sourcecode.c.h; path = SBJsonParser.h; sourceTree = "<group>"; };
		50B231DC1575179500B8081F /* SBJsonParser.m */ = {isa = PBXFileReference; lastKnownFileType = sourcecode.c.objc; path = SBJsonParser.m; sourceTree = "<group>"; };
		50B231DD1575179500B8081F /* SBJsonStreamParser.h */ = {isa = PBXFileReference; lastKnownFileType = sourcecode.c.h; path = SBJsonStreamParser.h; sourceTree = "<group>"; };
		50B231DE1575179500B8081F /* SBJsonStreamParser.m */ = {isa = PBXFileReference; lastKnownFileType = sourcecode.c.objc; path = SBJsonStreamParser.m; sourceTree = "<group>"; };
		50B231DF1575179500B8081F /* SBJsonStreamParserAccumulator.h */ = {isa = PBXFileReference; lastKnownFileType = sourcecode.c.h; path = SBJsonStreamParserAccumulator.h; sourceTree = "<group>"; };
		50B231E01575179500B8081F /* SBJsonStreamParserAccumulator.m */ = {isa = PBXFileReference; lastKnownFileType = sourcecode.c.objc; path = SBJsonStreamParserAccumulator.m; sourceTree = "<group>"; };
		50B231E11575179500B8081F /* SBJsonStreamParserAdapter.h */ = {isa = PBXFileReference; lastKnownFileType = sourcecode.c.h; path = SBJsonStreamParserAdapter.h; sourceTree = "<group>"; };
		50B231E21575179500B8081F /* SBJsonStreamParserAdapter.m */ = {isa = PBXFileReference; lastKnownFileType = sourcecode.c.objc; path = SBJsonStreamParserAdapter.m; sourceTree = "<group>"; };
		50B231E31575179500B8081F /* SBJsonStreamParserState.h */ = {isa = PBXFileReference; lastKnownFileType = sourcecode.c.h; path = SBJsonStreamParserState.h; sourceTree = "<group>"; };
		50B231E41575179500B8081F /* SBJsonStreamParserState.m */ = {isa = PBXFileReference; lastKnownFileType = sourcecode.c.objc; path = SBJsonStreamParserState.m; sourceTree = "<group>"; };
		50B231E51575179500B8081F /* SBJsonStreamWriter.h */ = {isa = PBXFileReference; lastKnownFileType = sourcecode.c.h; path = SBJsonStreamWriter.h; sourceTree = "<group>"; };
		50B231E61575179500B8081F /* SBJsonStreamWriter.m */ = {isa = PBXFileReference; lastKnownFileType = sourcecode.c.objc; path = SBJsonStreamWriter.m; sourceTree = "<group>"; };
		50B231E71575179500B8081F /* SBJsonStreamWriterAccumulator.h */ = {isa = PBXFileReference; lastKnownFileType = sourcecode.c.h; path = SBJsonStreamWriterAccumulator.h; sourceTree = "<group>"; };
		50B231E81575179500B8081F /* SBJsonStreamWriterAccumulator.m */ = {isa = PBXFileReference; lastKnownFileType = sourcecode.c.objc; path = SBJsonStreamWriterAccumulator.m; sourceTree = "<group>"; };
		50B231E91575179500B8081F /* SBJsonStreamWriterState.h */ = {isa = PBXFileReference; lastKnownFileType = sourcecode.c.h; path = SBJsonStreamWriterState.h; sourceTree = "<group>"; };
		50B231EA1575179500B8081F /* SBJsonStreamWriterState.m */ = {isa = PBXFileReference; lastKnownFileType = sourcecode.c.objc; path = SBJsonStreamWriterState.m; sourceTree = "<group>"; };
		50B231EB1575179500B8081F /* SBJsonTokeniser.h */ = {isa = PBXFileReference; lastKnownFileType = sourcecode.c.h; path = SBJsonTokeniser.h; sourceTree = "<group>"; };
		50B231EC1575179500B8081F /* SBJsonTokeniser.m */ = {isa = PBXFileReference; lastKnownFileType = sourcecode.c.objc; path = SBJsonTokeniser.m; sourceTree = "<group>"; };
		50B231ED1575179500B8081F /* SBJsonUTF8Stream.h */ = {isa = PBXFileReference; lastKnownFileType = sourcecode.c.h; path = SBJsonUTF8Stream.h; sourceTree = "<group>"; };
		50B231EE1575179500B8081F /* SBJsonUTF8Stream.m */ = {isa = PBXFileReference; lastKnownFileType = sourcecode.c.objc; path = SBJsonUTF8Stream.m; sourceTree = "<group>"; };
		50B231EF1575179500B8081F /* SBJsonWriter.h */ = {isa = PBXFileReference; lastKnownFileType = sourcecode.c.h; path = SBJsonWriter.h; sourceTree = "<group>"; };
		50B231F01575179500B8081F /* SBJsonWriter.m */ = {isa = PBXFileReference; lastKnownFileType = sourcecode.c.objc; path = SBJsonWriter.m; sourceTree = "<group>"; };
/* End PBXFileReference section */

/* Begin PBXFrameworksBuildPhase section */
		50B231AF15750DAE00B8081F /* Frameworks */ = {
			isa = PBXFrameworksBuildPhase;
			buildActionMask = 2147483647;
			files = (
				50610F1E1577A73400E563C8 /* MapKit.framework in Frameworks */,
				50A1E06D1576667200772484 /* CoreLocation.framework in Frameworks */,
				50A1E05D1576472E00772484 /* QuartzCore.framework in Frameworks */,
				50B231B715750DAE00B8081F /* UIKit.framework in Frameworks */,
				50B231B915750DAE00B8081F /* Foundation.framework in Frameworks */,
				50B231BB15750DAE00B8081F /* CoreGraphics.framework in Frameworks */,
			);
			runOnlyForDeploymentPostprocessing = 0;
		};
/* End PBXFrameworksBuildPhase section */

/* Begin PBXGroup section */
		501C04DE1575522400609760 /* Images */ = {
			isa = PBXGroup;
			children = (
				50552E6F1576B394004B2E99 /* icon@2x.png */,
				50552E6D1576B390004B2E99 /* icon.png */,
				50A1E06215764DE400772484 /* 193-location-arrow.png */,
				50A1E06315764DE400772484 /* 193-location-arrow@2x.png */,
				501C04DF1575525100609760 /* 65-note.png */,
				501C04E01575525100609760 /* 65-note@2x.png */,
			);
			name = Images;
			sourceTree = "<group>";
		};
		504E403815754FC90049177A /* View Controllers */ = {
			isa = PBXGroup;
			children = (
				504E403915754FEE0049177A /* LBTodayViewController.h */,
				504E403A15754FEE0049177A /* LBTodayViewController.m */,
				504E403B15754FEE0049177A /* LBTodayViewController.xib */,
				50610F1715776FED00E563C8 /* LBEventViewController.h */,
				50610F1815776FED00E563C8 /* LBEventViewController.m */,
				50610F1915776FED00E563C8 /* LBEventViewController.xib */,
			);
			name = "View Controllers";
			sourceTree = "<group>";
		};
		50A1E0581576315200772484 /* Helpers */ = {
			isa = PBXGroup;
			children = (
				50A1E0551576314F00772484 /* LBGenreColours.h */,
				50A1E0561576314F00772484 /* LBGenreColours.m */,
				50A1E059157643ED00772484 /* LBVenueBadge.h */,
				50A1E05A157643ED00772484 /* LBVenueBadge.m */,
				50A1E06915765C6A00772484 /* LBLoadingSpinner.h */,
				50A1E06A15765C6A00772484 /* LBLoadingSpinner.m */,
			);
			name = Helpers;
			sourceTree = "<group>";
		};
		50B231A715750DAD00B8081F = {
			isa = PBXGroup;
			children = (
				50A1E0581576315200772484 /* Helpers */,
				50B231D71575178700B8081F /* SBJSON */,
				501C04DE1575522400609760 /* Images */,
				504E403815754FC90049177A /* View Controllers */,
				50B231CD15750EF500B8081F /* Entities */,
				50B231BC15750DAE00B8081F /* LiveBrum */,
				50B231B515750DAE00B8081F /* Frameworks */,
				50B231B315750DAE00B8081F /* Products */,
			);
			sourceTree = "<group>";
		};
		50B231B315750DAE00B8081F /* Products */ = {
			isa = PBXGroup;
			children = (
				50B231B215750DAE00B8081F /* LiveBrum.app */,
			);
			name = Products;
			sourceTree = "<group>";
		};
		50B231B515750DAE00B8081F /* Frameworks */ = {
			isa = PBXGroup;
			children = (
				50610F1D1577A73400E563C8 /* MapKit.framework */,
				50A1E06C1576667200772484 /* CoreLocation.framework */,
				50A1E05C1576472E00772484 /* QuartzCore.framework */,
				50B231B615750DAE00B8081F /* UIKit.framework */,
				50B231B815750DAE00B8081F /* Foundation.framework */,
				50B231BA15750DAE00B8081F /* CoreGraphics.framework */,
			);
			name = Frameworks;
			sourceTree = "<group>";
		};
		50B231BC15750DAE00B8081F /* LiveBrum */ = {
			isa = PBXGroup;
			children = (
				50B231C515750DAE00B8081F /* LBAppDelegate.h */,
				50B231C615750DAE00B8081F /* LBAppDelegate.m */,
				50B231BD15750DAE00B8081F /* Supporting Files */,
			);
			path = LiveBrum;
			sourceTree = "<group>";
		};
		50B231BD15750DAE00B8081F /* Supporting Files */ = {
			isa = PBXGroup;
			children = (
				50B231BE15750DAE00B8081F /* LiveBrum-Info.plist */,
				50B231BF15750DAE00B8081F /* InfoPlist.strings */,
				50B231C215750DAE00B8081F /* main.m */,
				50B231C415750DAE00B8081F /* LiveBrum-Prefix.pch */,
			);
			name = "Supporting Files";
			sourceTree = "<group>";
		};
		50B231CD15750EF500B8081F /* Entities */ = {
			isa = PBXGroup;
			children = (
				50B231CE15750F2A00B8081F /* LBEvent.h */,
				50B231CF15750F2A00B8081F /* LBEvent.m */,
				50B231D115750F5200B8081F /* LBVenue.h */,
				50B231D215750F5200B8081F /* LBVenue.m */,
				50B231D41575110C00B8081F /* LBEventCollection.h */,
				50B231D51575110C00B8081F /* LBEventCollection.m */,
				50A1E06E1576698B00772484 /* LBPerformance.h */,
				50A1E06F1576698B00772484 /* LBPerformance.m */,
			);
			name = Entities;
			sourceTree = "<group>";
		};
		50B231D71575178700B8081F /* SBJSON */ = {
			isa = PBXGroup;
			children = (
				50B231D81575179500B8081F /* NSObject+SBJson.h */,
				50B231D91575179500B8081F /* NSObject+SBJson.m */,
				50B231DA1575179500B8081F /* SBJson.h */,
				50B231DB1575179500B8081F /* SBJsonParser.h */,
				50B231DC1575179500B8081F /* SBJsonParser.m */,
				50B231DD1575179500B8081F /* SBJsonStreamParser.h */,
				50B231DE1575179500B8081F /* SBJsonStreamParser.m */,
				50B231DF1575179500B8081F /* SBJsonStreamParserAccumulator.h */,
				50B231E01575179500B8081F /* SBJsonStreamParserAccumulator.m */,
				50B231E11575179500B8081F /* SBJsonStreamParserAdapter.h */,
				50B231E21575179500B8081F /* SBJsonStreamParserAdapter.m */,
				50B231E31575179500B8081F /* SBJsonStreamParserState.h */,
				50B231E41575179500B8081F /* SBJsonStreamParserState.m */,
				50B231E51575179500B8081F /* SBJsonStreamWriter.h */,
				50B231E61575179500B8081F /* SBJsonStreamWriter.m */,
				50B231E71575179500B8081F /* SBJsonStreamWriterAccumulator.h */,
				50B231E81575179500B8081F /* SBJsonStreamWriterAccumulator.m */,
				50B231E91575179500B8081F /* SBJsonStreamWriterState.h */,
				50B231EA1575179500B8081F /* SBJsonStreamWriterState.m */,
				50B231EB1575179500B8081F /* SBJsonTokeniser.h */,
				50B231EC1575179500B8081F /* SBJsonTokeniser.m */,
				50B231ED1575179500B8081F /* SBJsonUTF8Stream.h */,
				50B231EE1575179500B8081F /* SBJsonUTF8Stream.m */,
				50B231EF1575179500B8081F /* SBJsonWriter.h */,
				50B231F01575179500B8081F /* SBJsonWriter.m */,
			);
			name = SBJSON;
			sourceTree = "<group>";
		};
/* End PBXGroup section */

/* Begin PBXNativeTarget section */
		50B231B115750DAE00B8081F /* LiveBrum */ = {
			isa = PBXNativeTarget;
			buildConfigurationList = 50B231CA15750DAE00B8081F /* Build configuration list for PBXNativeTarget "LiveBrum" */;
			buildPhases = (
				50B231AE15750DAE00B8081F /* Sources */,
				50B231AF15750DAE00B8081F /* Frameworks */,
				50B231B015750DAE00B8081F /* Resources */,
			);
			buildRules = (
			);
			dependencies = (
			);
			name = LiveBrum;
			productName = LiveBrum;
			productReference = 50B231B215750DAE00B8081F /* LiveBrum.app */;
			productType = "com.apple.product-type.application";
		};
/* End PBXNativeTarget section */

/* Begin PBXProject section */
		50B231A915750DAD00B8081F /* Project object */ = {
			isa = PBXProject;
			attributes = {
				CLASSPREFIX = LB;
				LastUpgradeCheck = 0430;
			};
			buildConfigurationList = 50B231AC15750DAD00B8081F /* Build configuration list for PBXProject "LiveBrum" */;
			compatibilityVersion = "Xcode 3.2";
			developmentRegion = English;
			hasScannedForEncodings = 0;
			knownRegions = (
				en,
			);
			mainGroup = 50B231A715750DAD00B8081F;
			productRefGroup = 50B231B315750DAE00B8081F /* Products */;
			projectDirPath = "";
			projectRoot = "";
			targets = (
				50B231B115750DAE00B8081F /* LiveBrum */,
			);
		};
/* End PBXProject section */

/* Begin PBXResourcesBuildPhase section */
		50B231B015750DAE00B8081F /* Resources */ = {
			isa = PBXResourcesBuildPhase;
			buildActionMask = 2147483647;
			files = (
				50B231C115750DAE00B8081F /* InfoPlist.strings in Resources */,
				504E403D15754FEE0049177A /* LBTodayViewController.xib in Resources */,
				501C04E11575525100609760 /* 65-note.png in Resources */,
				501C04E21575525100609760 /* 65-note@2x.png in Resources */,
				50A1E06415764DE400772484 /* 193-location-arrow.png in Resources */,
				50A1E06515764DE400772484 /* 193-location-arrow@2x.png in Resources */,
				50552E6E1576B390004B2E99 /* icon.png in Resources */,
				50552E701576B394004B2E99 /* icon@2x.png in Resources */,
				50610F1B15776FED00E563C8 /* LBEventViewController.xib in Resources */,
			);
			runOnlyForDeploymentPostprocessing = 0;
		};
/* End PBXResourcesBuildPhase section */

/* Begin PBXSourcesBuildPhase section */
		50B231AE15750DAE00B8081F /* Sources */ = {
			isa = PBXSourcesBuildPhase;
			buildActionMask = 2147483647;
			files = (
				504E401E157519CE0049177A /* NSObject+SBJson.h in Sources */,
				504E401F157519CE0049177A /* NSObject+SBJson.m in Sources */,
				504E4020157519CE0049177A /* SBJson.h in Sources */,
				504E4021157519CE0049177A /* SBJsonParser.h in Sources */,
				504E4022157519CE0049177A /* SBJsonParser.m in Sources */,
				504E4023157519CE0049177A /* SBJsonStreamParser.h in Sources */,
				504E4024157519CE0049177A /* SBJsonStreamParser.m in Sources */,
				504E4025157519CE0049177A /* SBJsonStreamParserAccumulator.h in Sources */,
				504E4026157519CE0049177A /* SBJsonStreamParserAccumulator.m in Sources */,
				504E4027157519CE0049177A /* SBJsonStreamParserAdapter.h in Sources */,
				504E4028157519CE0049177A /* SBJsonStreamParserAdapter.m in Sources */,
				504E4029157519CE0049177A /* SBJsonStreamParserState.h in Sources */,
				504E402A157519CE0049177A /* SBJsonStreamParserState.m in Sources */,
				504E402B157519CE0049177A /* SBJsonStreamWriter.h in Sources */,
				504E402C157519CE0049177A /* SBJsonStreamWriter.m in Sources */,
				504E402D157519CE0049177A /* SBJsonStreamWriterAccumulator.h in Sources */,
				504E402E157519CE0049177A /* SBJsonStreamWriterAccumulator.m in Sources */,
				504E402F157519CE0049177A /* SBJsonStreamWriterState.h in Sources */,
				504E4030157519CE0049177A /* SBJsonStreamWriterState.m in Sources */,
				504E4031157519CE0049177A /* SBJsonTokeniser.h in Sources */,
				504E4032157519CE0049177A /* SBJsonTokeniser.m in Sources */,
				504E4033157519CE0049177A /* SBJsonUTF8Stream.h in Sources */,
				504E4034157519CE0049177A /* SBJsonUTF8Stream.m in Sources */,
				504E4035157519CE0049177A /* SBJsonWriter.h in Sources */,
				504E4036157519CE0049177A /* SBJsonWriter.m in Sources */,
				50B231C315750DAE00B8081F /* main.m in Sources */,
				50B231C715750DAE00B8081F /* LBAppDelegate.m in Sources */,
				50B231D015750F2A00B8081F /* LBEvent.m in Sources */,
				50B231D315750F5200B8081F /* LBVenue.m in Sources */,
				50B231D61575110C00B8081F /* LBEventCollection.m in Sources */,
				504E403C15754FEE0049177A /* LBTodayViewController.m in Sources */,
				50A1E0571576314F00772484 /* LBGenreColours.m in Sources */,
				50A1E05B157643ED00772484 /* LBVenueBadge.m in Sources */,
				50A1E06B15765C6A00772484 /* LBLoadingSpinner.m in Sources */,
				50A1E0701576698B00772484 /* LBPerformance.m in Sources */,
				50610F1A15776FED00E563C8 /* LBEventViewController.m in Sources */,
			);
			runOnlyForDeploymentPostprocessing = 0;
		};
/* End PBXSourcesBuildPhase section */

/* Begin PBXVariantGroup section */
		50B231BF15750DAE00B8081F /* InfoPlist.strings */ = {
			isa = PBXVariantGroup;
			children = (
				50B231C015750DAE00B8081F /* en */,
			);
			name = InfoPlist.strings;
			sourceTree = "<group>";
		};
/* End PBXVariantGroup section */

/* Begin XCBuildConfiguration section */
		50B231C815750DAE00B8081F /* Debug */ = {
			isa = XCBuildConfiguration;
			buildSettings = {
				ALWAYS_SEARCH_USER_PATHS = NO;
				ARCHS = "$(ARCHS_STANDARD_32_BIT)";
				CLANG_ENABLE_OBJC_ARC = YES;
				"CODE_SIGN_IDENTITY[sdk=iphoneos*]" = "iPhone Developer";
				COPY_PHASE_STRIP = NO;
				GCC_C_LANGUAGE_STANDARD = gnu99;
				GCC_DYNAMIC_NO_PIC = NO;
				GCC_OPTIMIZATION_LEVEL = 0;
				GCC_PREPROCESSOR_DEFINITIONS = (
					"DEBUG=1",
					"$(inherited)",
				);
				GCC_SYMBOLS_PRIVATE_EXTERN = NO;
				GCC_VERSION = com.apple.compilers.llvm.clang.1_0;
				GCC_WARN_ABOUT_RETURN_TYPE = YES;
				GCC_WARN_UNINITIALIZED_AUTOS = YES;
				GCC_WARN_UNUSED_VARIABLE = YES;
				IPHONEOS_DEPLOYMENT_TARGET = 5.1;
				SDKROOT = iphoneos;
			};
			name = Debug;
		};
		50B231C915750DAE00B8081F /* Release */ = {
			isa = XCBuildConfiguration;
			buildSettings = {
				ALWAYS_SEARCH_USER_PATHS = NO;
				ARCHS = "$(ARCHS_STANDARD_32_BIT)";
				CLANG_ENABLE_OBJC_ARC = YES;
				"CODE_SIGN_IDENTITY[sdk=iphoneos*]" = "iPhone Developer";
				COPY_PHASE_STRIP = YES;
				GCC_C_LANGUAGE_STANDARD = gnu99;
				GCC_VERSION = com.apple.compilers.llvm.clang.1_0;
				GCC_WARN_ABOUT_RETURN_TYPE = YES;
				GCC_WARN_UNINITIALIZED_AUTOS = YES;
				GCC_WARN_UNUSED_VARIABLE = YES;
				IPHONEOS_DEPLOYMENT_TARGET = 5.1;
				OTHER_CFLAGS = "-DNS_BLOCK_ASSERTIONS=1";
				SDKROOT = iphoneos;
				VALIDATE_PRODUCT = YES;
			};
			name = Release;
		};
		50B231CB15750DAE00B8081F /* Debug */ = {
			isa = XCBuildConfiguration;
			buildSettings = {
				CODE_SIGN_IDENTITY = "iPhone Developer: Max Woolf (35C7AH5D5T)";
				GCC_PRECOMPILE_PREFIX_HEADER = YES;
				GCC_PREFIX_HEADER = "LiveBrum/LiveBrum-Prefix.pch";
				INFOPLIST_FILE = "LiveBrum/LiveBrum-Info.plist";
				IPHONEOS_DEPLOYMENT_TARGET = 4.3;
				PRODUCT_NAME = "$(TARGET_NAME)";
				PROVISIONING_PROFILE = "C74010A3-E046-4067-B1C2-1C085A7C2A1B";
				WRAPPER_EXTENSION = app;
			};
			name = Debug;
		};
		50B231CC15750DAE00B8081F /* Release */ = {
			isa = XCBuildConfiguration;
			buildSettings = {
				CODE_SIGN_IDENTITY = "iPhone Developer: Max Woolf (35C7AH5D5T)";
				GCC_PRECOMPILE_PREFIX_HEADER = YES;
				GCC_PREFIX_HEADER = "LiveBrum/LiveBrum-Prefix.pch";
				INFOPLIST_FILE = "LiveBrum/LiveBrum-Info.plist";
				IPHONEOS_DEPLOYMENT_TARGET = 4.3;
				PRODUCT_NAME = "$(TARGET_NAME)";
				PROVISIONING_PROFILE = "C74010A3-E046-4067-B1C2-1C085A7C2A1B";
				WRAPPER_EXTENSION = app;
			};
			name = Release;
		};
/* End XCBuildConfiguration section */

/* Begin XCConfigurationList section */
		50B231AC15750DAD00B8081F /* Build configuration list for PBXProject "LiveBrum" */ = {
			isa = XCConfigurationList;
			buildConfigurations = (
				50B231C815750DAE00B8081F /* Debug */,
				50B231C915750DAE00B8081F /* Release */,
			);
			defaultConfigurationIsVisible = 0;
			defaultConfigurationName = Release;
		};
		50B231CA15750DAE00B8081F /* Build configuration list for PBXNativeTarget "LiveBrum" */ = {
			isa = XCConfigurationList;
			buildConfigurations = (
				50B231CB15750DAE00B8081F /* Debug */,
				50B231CC15750DAE00B8081F /* Release */,
			);
			defaultConfigurationIsVisible = 0;
			defaultConfigurationName = Release;
		};
/* End XCConfigurationList section */
	};
	rootObject = 50B231A915750DAD00B8081F /* Project object */;
}
